// !$*UTF8*$!
{
	archiveVersion = 1;
	classes = {
	};
	objectVersion = 55;
	objects = {

/* Begin PBXBuildFile section */
		4B5B7CCB27E92917009CF38D /* AppDelegate.swift in Sources */ = {isa = PBXBuildFile; fileRef = 4B5B7CCA27E92917009CF38D /* AppDelegate.swift */; };
		4B5B7CCD27E92917009CF38D /* SceneDelegate.swift in Sources */ = {isa = PBXBuildFile; fileRef = 4B5B7CCC27E92917009CF38D /* SceneDelegate.swift */; };
		4B5B7CD227E92917009CF38D /* Main.storyboard in Resources */ = {isa = PBXBuildFile; fileRef = 4B5B7CD027E92917009CF38D /* Main.storyboard */; };
		4B5B7CD427E9291A009CF38D /* Assets.xcassets in Resources */ = {isa = PBXBuildFile; fileRef = 4B5B7CD327E9291A009CF38D /* Assets.xcassets */; };
		4B5B7CD727E9291A009CF38D /* LaunchScreen.storyboard in Resources */ = {isa = PBXBuildFile; fileRef = 4B5B7CD527E9291A009CF38D /* LaunchScreen.storyboard */; };
		4B5B7CE227E9291A009CF38D /* MentorsTests.swift in Sources */ = {isa = PBXBuildFile; fileRef = 4B5B7CE127E9291A009CF38D /* MentorsTests.swift */; };
		4B5B7CEC27E9291B009CF38D /* MentorsUITests.swift in Sources */ = {isa = PBXBuildFile; fileRef = 4B5B7CEB27E9291B009CF38D /* MentorsUITests.swift */; };
		4B5B7CEE27E9291B009CF38D /* MentorsUITestsLaunchTests.swift in Sources */ = {isa = PBXBuildFile; fileRef = 4B5B7CED27E9291B009CF38D /* MentorsUITestsLaunchTests.swift */; };
		4B5B7CFC27E9294F009CF38D /* Mentor.swift in Sources */ = {isa = PBXBuildFile; fileRef = 4B5B7CFB27E9294F009CF38D /* Mentor.swift */; };
		4B5B7CFE27E929CF009CF38D /* Company.swift in Sources */ = {isa = PBXBuildFile; fileRef = 4B5B7CFD27E929CF009CF38D /* Company.swift */; };
		4B5B7D0027E92A0D009CF38D /* MentorsViewController.swift in Sources */ = {isa = PBXBuildFile; fileRef = 4B5B7CFF27E92A0D009CF38D /* MentorsViewController.swift */; };
		4B5B7D0327E92A37009CF38D /* UIImageView+extensions.swift in Sources */ = {isa = PBXBuildFile; fileRef = 4B5B7D0227E92A37009CF38D /* UIImageView+extensions.swift */; };
		4B5B7D0927E92B58009CF38D /* MentorTableViewCell.swift in Sources */ = {isa = PBXBuildFile; fileRef = 4B5B7D0727E92B58009CF38D /* MentorTableViewCell.swift */; };
		4B5B7D0A27E92B58009CF38D /* MentorTableViewCell.xib in Resources */ = {isa = PBXBuildFile; fileRef = 4B5B7D0827E92B58009CF38D /* MentorTableViewCell.xib */; };
		4B5B7D0D27E92C99009CF38D /* NetworkManager.swift in Sources */ = {isa = PBXBuildFile; fileRef = 4B5B7D0C27E92C98009CF38D /* NetworkManager.swift */; };
		4B5B7D0F27E92D79009CF38D /* UIViewController+Extensions.swift in Sources */ = {isa = PBXBuildFile; fileRef = 4B5B7D0E27E92D79009CF38D /* UIViewController+Extensions.swift */; };
/* End PBXBuildFile section */

/* Begin PBXContainerItemProxy section */
		4B5B7CDE27E9291A009CF38D /* PBXContainerItemProxy */ = {
			isa = PBXContainerItemProxy;
			containerPortal = 4B5B7CBF27E92917009CF38D /* Project object */;
			proxyType = 1;
			remoteGlobalIDString = 4B5B7CC627E92917009CF38D;
			remoteInfo = Mentors;
		};
		4B5B7CE827E9291B009CF38D /* PBXContainerItemProxy */ = {
			isa = PBXContainerItemProxy;
			containerPortal = 4B5B7CBF27E92917009CF38D /* Project object */;
			proxyType = 1;
			remoteGlobalIDString = 4B5B7CC627E92917009CF38D;
			remoteInfo = Mentors;
		};
/* End PBXContainerItemProxy section */

/* Begin PBXFileReference section */
		4B5B7CC727E92917009CF38D /* Mentors.app */ = {isa = PBXFileReference; explicitFileType = wrapper.application; includeInIndex = 0; path = Mentors.app; sourceTree = BUILT_PRODUCTS_DIR; };
		4B5B7CCA27E92917009CF38D /* AppDelegate.swift */ = {isa = PBXFileReference; lastKnownFileType = sourcecode.swift; path = AppDelegate.swift; sourceTree = "<group>"; };
		4B5B7CCC27E92917009CF38D /* SceneDelegate.swift */ = {isa = PBXFileReference; lastKnownFileType = sourcecode.swift; path = SceneDelegate.swift; sourceTree = "<group>"; };
		4B5B7CD127E92917009CF38D /* Base */ = {isa = PBXFileReference; lastKnownFileType = file.storyboard; name = Base; path = Base.lproj/Main.storyboard; sourceTree = "<group>"; };
		4B5B7CD327E9291A009CF38D /* Assets.xcassets */ = {isa = PBXFileReference; lastKnownFileType = folder.assetcatalog; path = Assets.xcassets; sourceTree = "<group>"; };
		4B5B7CD627E9291A009CF38D /* Base */ = {isa = PBXFileReference; lastKnownFileType = file.storyboard; name = Base; path = Base.lproj/LaunchScreen.storyboard; sourceTree = "<group>"; };
		4B5B7CD827E9291A009CF38D /* Info.plist */ = {isa = PBXFileReference; lastKnownFileType = text.plist.xml; path = Info.plist; sourceTree = "<group>"; };
		4B5B7CDD27E9291A009CF38D /* MentorsTests.xctest */ = {isa = PBXFileReference; explicitFileType = wrapper.cfbundle; includeInIndex = 0; path = MentorsTests.xctest; sourceTree = BUILT_PRODUCTS_DIR; };
		4B5B7CE127E9291A009CF38D /* MentorsTests.swift */ = {isa = PBXFileReference; lastKnownFileType = sourcecode.swift; path = MentorsTests.swift; sourceTree = "<group>"; };
		4B5B7CE727E9291B009CF38D /* MentorsUITests.xctest */ = {isa = PBXFileReference; explicitFileType = wrapper.cfbundle; includeInIndex = 0; path = MentorsUITests.xctest; sourceTree = BUILT_PRODUCTS_DIR; };
		4B5B7CEB27E9291B009CF38D /* MentorsUITests.swift */ = {isa = PBXFileReference; lastKnownFileType = sourcecode.swift; path = MentorsUITests.swift; sourceTree = "<group>"; };
		4B5B7CED27E9291B009CF38D /* MentorsUITestsLaunchTests.swift */ = {isa = PBXFileReference; lastKnownFileType = sourcecode.swift; path = MentorsUITestsLaunchTests.swift; sourceTree = "<group>"; };
		4B5B7CFB27E9294F009CF38D /* Mentor.swift */ = {isa = PBXFileReference; lastKnownFileType = sourcecode.swift; path = Mentor.swift; sourceTree = "<group>"; };
		4B5B7CFD27E929CF009CF38D /* Company.swift */ = {isa = PBXFileReference; lastKnownFileType = sourcecode.swift; path = Company.swift; sourceTree = "<group>"; };
		4B5B7CFF27E92A0D009CF38D /* MentorsViewController.swift */ = {isa = PBXFileReference; lastKnownFileType = sourcecode.swift; path = MentorsViewController.swift; sourceTree = "<group>"; };
		4B5B7D0227E92A37009CF38D /* UIImageView+extensions.swift */ = {isa = PBXFileReference; fileEncoding = 4; lastKnownFileType = sourcecode.swift; name = "UIImageView+extensions.swift"; path = "../../../../../Downloads/UIImageView+extensions.swift"; sourceTree = "<group>"; };
		4B5B7D0727E92B58009CF38D /* MentorTableViewCell.swift */ = {isa = PBXFileReference; lastKnownFileType = sourcecode.swift; path = MentorTableViewCell.swift; sourceTree = "<group>"; };
		4B5B7D0827E92B58009CF38D /* MentorTableViewCell.xib */ = {isa = PBXFileReference; lastKnownFileType = file.xib; path = MentorTableViewCell.xib; sourceTree = "<group>"; };
		4B5B7D0C27E92C98009CF38D /* NetworkManager.swift */ = {isa = PBXFileReference; lastKnownFileType = sourcecode.swift; path = NetworkManager.swift; sourceTree = "<group>"; };
		4B5B7D0E27E92D79009CF38D /* UIViewController+Extensions.swift */ = {isa = PBXFileReference; lastKnownFileType = sourcecode.swift; path = "UIViewController+Extensions.swift"; sourceTree = "<group>"; };
/* End PBXFileReference section */

/* Begin PBXFrameworksBuildPhase section */
		4B5B7CC427E92917009CF38D /* Frameworks */ = {
			isa = PBXFrameworksBuildPhase;
			buildActionMask = 2147483647;
			files = (
			);
			runOnlyForDeploymentPostprocessing = 0;
		};
		4B5B7CDA27E9291A009CF38D /* Frameworks */ = {
			isa = PBXFrameworksBuildPhase;
			buildActionMask = 2147483647;
			files = (
			);
			runOnlyForDeploymentPostprocessing = 0;
		};
		4B5B7CE427E9291B009CF38D /* Frameworks */ = {
			isa = PBXFrameworksBuildPhase;
			buildActionMask = 2147483647;
			files = (
			);
			runOnlyForDeploymentPostprocessing = 0;
		};
/* End PBXFrameworksBuildPhase section */

/* Begin PBXGroup section */
		4B5B7CBE27E92917009CF38D = {
			isa = PBXGroup;
			children = (
				4B5B7CC927E92917009CF38D /* Mentors */,
				4B5B7CE027E9291A009CF38D /* MentorsTests */,
				4B5B7CEA27E9291B009CF38D /* MentorsUITests */,
				4B5B7CC827E92917009CF38D /* Products */,
			);
			sourceTree = "<group>";
		};
		4B5B7CC827E92917009CF38D /* Products */ = {
			isa = PBXGroup;
			children = (
				4B5B7CC727E92917009CF38D /* Mentors.app */,
				4B5B7CDD27E9291A009CF38D /* MentorsTests.xctest */,
				4B5B7CE727E9291B009CF38D /* MentorsUITests.xctest */,
			);
			name = Products;
			sourceTree = "<group>";
		};
		4B5B7CC927E92917009CF38D /* Mentors */ = {
			isa = PBXGroup;
			children = (
				4B5B7CCA27E92917009CF38D /* AppDelegate.swift */,
				4B5B7D0B27E92C8E009CF38D /* Managers */,
				4B5B7D0127E92A2E009CF38D /* Extensions */,
				4B5B7CFA27E92944009CF38D /* Model */,
				4B5B7CCC27E92917009CF38D /* SceneDelegate.swift */,
				4B5B7D0427E92AF0009CF38D /* Cells */,
				4B5B7CFF27E92A0D009CF38D /* MentorsViewController.swift */,
				4B5B7CD027E92917009CF38D /* Main.storyboard */,
				4B5B7CD327E9291A009CF38D /* Assets.xcassets */,
				4B5B7CD527E9291A009CF38D /* LaunchScreen.storyboard */,
				4B5B7CD827E9291A009CF38D /* Info.plist */,
			);
			path = Mentors;
			sourceTree = "<group>";
		};
		4B5B7CE027E9291A009CF38D /* MentorsTests */ = {
			isa = PBXGroup;
			children = (
				4B5B7CE127E9291A009CF38D /* MentorsTests.swift */,
			);
			path = MentorsTests;
			sourceTree = "<group>";
		};
		4B5B7CEA27E9291B009CF38D /* MentorsUITests */ = {
			isa = PBXGroup;
			children = (
				4B5B7CEB27E9291B009CF38D /* MentorsUITests.swift */,
				4B5B7CED27E9291B009CF38D /* MentorsUITestsLaunchTests.swift */,
			);
			path = MentorsUITests;
			sourceTree = "<group>";
		};
		4B5B7CFA27E92944009CF38D /* Model */ = {
			isa = PBXGroup;
			children = (
				4B5B7CFB27E9294F009CF38D /* Mentor.swift */,
				4B5B7CFD27E929CF009CF38D /* Company.swift */,
			);
			path = Model;
			sourceTree = "<group>";
		};
		4B5B7D0127E92A2E009CF38D /* Extensions */ = {
			isa = PBXGroup;
			children = (
				4B5B7D0227E92A37009CF38D /* UIImageView+extensions.swift */,
				4B5B7D0E27E92D79009CF38D /* UIViewController+Extensions.swift */,
			);
			path = Extensions;
			sourceTree = "<group>";
		};
		4B5B7D0427E92AF0009CF38D /* Cells */ = {
			isa = PBXGroup;
			children = (
				4B5B7D0727E92B58009CF38D /* MentorTableViewCell.swift */,
				4B5B7D0827E92B58009CF38D /* MentorTableViewCell.xib */,
			);
			path = Cells;
			sourceTree = "<group>";
		};
		4B5B7D0B27E92C8E009CF38D /* Managers */ = {
			isa = PBXGroup;
			children = (
				4B5B7D0C27E92C98009CF38D /* NetworkManager.swift */,
			);
			path = Managers;
			sourceTree = "<group>";
		};
/* End PBXGroup section */

/* Begin PBXNativeTarget section */
		4B5B7CC627E92917009CF38D /* Mentors */ = {
			isa = PBXNativeTarget;
			buildConfigurationList = 4B5B7CF127E9291B009CF38D /* Build configuration list for PBXNativeTarget "Mentors" */;
			buildPhases = (
				4B5B7CC327E92917009CF38D /* Sources */,
				4B5B7CC427E92917009CF38D /* Frameworks */,
				4B5B7CC527E92917009CF38D /* Resources */,
			);
			buildRules = (
			);
			dependencies = (
			);
			name = Mentors;
			productName = Mentors;
			productReference = 4B5B7CC727E92917009CF38D /* Mentors.app */;
			productType = "com.apple.product-type.application";
		};
		4B5B7CDC27E9291A009CF38D /* MentorsTests */ = {
			isa = PBXNativeTarget;
			buildConfigurationList = 4B5B7CF427E9291B009CF38D /* Build configuration list for PBXNativeTarget "MentorsTests" */;
			buildPhases = (
				4B5B7CD927E9291A009CF38D /* Sources */,
				4B5B7CDA27E9291A009CF38D /* Frameworks */,
				4B5B7CDB27E9291A009CF38D /* Resources */,
			);
			buildRules = (
			);
			dependencies = (
				4B5B7CDF27E9291A009CF38D /* PBXTargetDependency */,
			);
			name = MentorsTests;
			productName = MentorsTests;
			productReference = 4B5B7CDD27E9291A009CF38D /* MentorsTests.xctest */;
			productType = "com.apple.product-type.bundle.unit-test";
		};
		4B5B7CE627E9291B009CF38D /* MentorsUITests */ = {
			isa = PBXNativeTarget;
			buildConfigurationList = 4B5B7CF727E9291B009CF38D /* Build configuration list for PBXNativeTarget "MentorsUITests" */;
			buildPhases = (
				4B5B7CE327E9291B009CF38D /* Sources */,
				4B5B7CE427E9291B009CF38D /* Frameworks */,
				4B5B7CE527E9291B009CF38D /* Resources */,
			);
			buildRules = (
			);
			dependencies = (
				4B5B7CE927E9291B009CF38D /* PBXTargetDependency */,
			);
			name = MentorsUITests;
			productName = MentorsUITests;
			productReference = 4B5B7CE727E9291B009CF38D /* MentorsUITests.xctest */;
			productType = "com.apple.product-type.bundle.ui-testing";
		};
/* End PBXNativeTarget section */

/* Begin PBXProject section */
		4B5B7CBF27E92917009CF38D /* Project object */ = {
			isa = PBXProject;
			attributes = {
				BuildIndependentTargetsInParallel = 1;
				LastSwiftUpdateCheck = 1320;
				LastUpgradeCheck = 1320;
				TargetAttributes = {
					4B5B7CC627E92917009CF38D = {
						CreatedOnToolsVersion = 13.2.1;
					};
					4B5B7CDC27E9291A009CF38D = {
						CreatedOnToolsVersion = 13.2.1;
						TestTargetID = 4B5B7CC627E92917009CF38D;
					};
					4B5B7CE627E9291B009CF38D = {
						CreatedOnToolsVersion = 13.2.1;
						TestTargetID = 4B5B7CC627E92917009CF38D;
					};
				};
			};
			buildConfigurationList = 4B5B7CC227E92917009CF38D /* Build configuration list for PBXProject "Mentors" */;
			compatibilityVersion = "Xcode 13.0";
			developmentRegion = en;
			hasScannedForEncodings = 0;
			knownRegions = (
				en,
				Base,
			);
			mainGroup = 4B5B7CBE27E92917009CF38D;
			productRefGroup = 4B5B7CC827E92917009CF38D /* Products */;
			projectDirPath = "";
			projectRoot = "";
			targets = (
				4B5B7CC627E92917009CF38D /* Mentors */,
				4B5B7CDC27E9291A009CF38D /* MentorsTests */,
				4B5B7CE627E9291B009CF38D /* MentorsUITests */,
			);
		};
/* End PBXProject section */

/* Begin PBXResourcesBuildPhase section */
		4B5B7CC527E92917009CF38D /* Resources */ = {
			isa = PBXResourcesBuildPhase;
			buildActionMask = 2147483647;
			files = (
				4B5B7D0A27E92B58009CF38D /* MentorTableViewCell.xib in Resources */,
				4B5B7CD727E9291A009CF38D /* LaunchScreen.storyboard in Resources */,
				4B5B7CD427E9291A009CF38D /* Assets.xcassets in Resources */,
				4B5B7CD227E92917009CF38D /* Main.storyboard in Resources */,
			);
			runOnlyForDeploymentPostprocessing = 0;
		};
		4B5B7CDB27E9291A009CF38D /* Resources */ = {
			isa = PBXResourcesBuildPhase;
			buildActionMask = 2147483647;
			files = (
			);
			runOnlyForDeploymentPostprocessing = 0;
		};
		4B5B7CE527E9291B009CF38D /* Resources */ = {
			isa = PBXResourcesBuildPhase;
			buildActionMask = 2147483647;
			files = (
			);
			runOnlyForDeploymentPostprocessing = 0;
		};
/* End PBXResourcesBuildPhase section */

/* Begin PBXSourcesBuildPhase section */
		4B5B7CC327E92917009CF38D /* Sources */ = {
			isa = PBXSourcesBuildPhase;
			buildActionMask = 2147483647;
			files = (
				4B5B7D0927E92B58009CF38D /* MentorTableViewCell.swift in Sources */,
				4B5B7D0327E92A37009CF38D /* UIImageView+extensions.swift in Sources */,
				4B5B7CFC27E9294F009CF38D /* Mentor.swift in Sources */,
				4B5B7CCB27E92917009CF38D /* AppDelegate.swift in Sources */,
				4B5B7D0F27E92D79009CF38D /* UIViewController+Extensions.swift in Sources */,
				4B5B7D0D27E92C99009CF38D /* NetworkManager.swift in Sources */,
				4B5B7D0027E92A0D009CF38D /* MentorsViewController.swift in Sources */,
				4B5B7CFE27E929CF009CF38D /* Company.swift in Sources */,
				4B5B7CCD27E92917009CF38D /* SceneDelegate.swift in Sources */,
			);
			runOnlyForDeploymentPostprocessing = 0;
		};
		4B5B7CD927E9291A009CF38D /* Sources */ = {
			isa = PBXSourcesBuildPhase;
			buildActionMask = 2147483647;
			files = (
				4B5B7CE227E9291A009CF38D /* MentorsTests.swift in Sources */,
			);
			runOnlyForDeploymentPostprocessing = 0;
		};
		4B5B7CE327E9291B009CF38D /* Sources */ = {
			isa = PBXSourcesBuildPhase;
			buildActionMask = 2147483647;
			files = (
				4B5B7CEC27E9291B009CF38D /* MentorsUITests.swift in Sources */,
				4B5B7CEE27E9291B009CF38D /* MentorsUITestsLaunchTests.swift in Sources */,
			);
			runOnlyForDeploymentPostprocessing = 0;
		};
/* End PBXSourcesBuildPhase section */

/* Begin PBXTargetDependency section */
		4B5B7CDF27E9291A009CF38D /* PBXTargetDependency */ = {
			isa = PBXTargetDependency;
			target = 4B5B7CC627E92917009CF38D /* Mentors */;
			targetProxy = 4B5B7CDE27E9291A009CF38D /* PBXContainerItemProxy */;
		};
		4B5B7CE927E9291B009CF38D /* PBXTargetDependency */ = {
			isa = PBXTargetDependency;
			target = 4B5B7CC627E92917009CF38D /* Mentors */;
			targetProxy = 4B5B7CE827E9291B009CF38D /* PBXContainerItemProxy */;
		};
/* End PBXTargetDependency section */

/* Begin PBXVariantGroup section */
		4B5B7CD027E92917009CF38D /* Main.storyboard */ = {
			isa = PBXVariantGroup;
			children = (
				4B5B7CD127E92917009CF38D /* Base */,
			);
			name = Main.storyboard;
			sourceTree = "<group>";
		};
		4B5B7CD527E9291A009CF38D /* LaunchScreen.storyboard */ = {
			isa = PBXVariantGroup;
			children = (
				4B5B7CD627E9291A009CF38D /* Base */,
			);
			name = LaunchScreen.storyboard;
			sourceTree = "<group>";
		};
/* End PBXVariantGroup section */

/* Begin XCBuildConfiguration section */
		4B5B7CEF27E9291B009CF38D /* Debug */ = {
			isa = XCBuildConfiguration;
			buildSettings = {
				ALWAYS_SEARCH_USER_PATHS = NO;
				CLANG_ANALYZER_NONNULL = YES;
				CLANG_ANALYZER_NUMBER_OBJECT_CONVERSION = YES_AGGRESSIVE;
				CLANG_CXX_LANGUAGE_STANDARD = "gnu++17";
				CLANG_CXX_LIBRARY = "libc++";
				CLANG_ENABLE_MODULES = YES;
				CLANG_ENABLE_OBJC_ARC = YES;
				CLANG_ENABLE_OBJC_WEAK = YES;
				CLANG_WARN_BLOCK_CAPTURE_AUTORELEASING = YES;
				CLANG_WARN_BOOL_CONVERSION = YES;
				CLANG_WARN_COMMA = YES;
				CLANG_WARN_CONSTANT_CONVERSION = YES;
				CLANG_WARN_DEPRECATED_OBJC_IMPLEMENTATIONS = YES;
				CLANG_WARN_DIRECT_OBJC_ISA_USAGE = YES_ERROR;
				CLANG_WARN_DOCUMENTATION_COMMENTS = YES;
				CLANG_WARN_EMPTY_BODY = YES;
				CLANG_WARN_ENUM_CONVERSION = YES;
				CLANG_WARN_INFINITE_RECURSION = YES;
				CLANG_WARN_INT_CONVERSION = YES;
				CLANG_WARN_NON_LITERAL_NULL_CONVERSION = YES;
				CLANG_WARN_OBJC_IMPLICIT_RETAIN_SELF = YES;
				CLANG_WARN_OBJC_LITERAL_CONVERSION = YES;
				CLANG_WARN_OBJC_ROOT_CLASS = YES_ERROR;
				CLANG_WARN_QUOTED_INCLUDE_IN_FRAMEWORK_HEADER = YES;
				CLANG_WARN_RANGE_LOOP_ANALYSIS = YES;
				CLANG_WARN_STRICT_PROTOTYPES = YES;
				CLANG_WARN_SUSPICIOUS_MOVE = YES;
				CLANG_WARN_UNGUARDED_AVAILABILITY = YES_AGGRESSIVE;
				CLANG_WARN_UNREACHABLE_CODE = YES;
				CLANG_WARN__DUPLICATE_METHOD_MATCH = YES;
				COPY_PHASE_STRIP = NO;
				DEBUG_INFORMATION_FORMAT = dwarf;
				ENABLE_STRICT_OBJC_MSGSEND = YES;
				ENABLE_TESTABILITY = YES;
				GCC_C_LANGUAGE_STANDARD = gnu11;
				GCC_DYNAMIC_NO_PIC = NO;
				GCC_NO_COMMON_BLOCKS = YES;
				GCC_OPTIMIZATION_LEVEL = 0;
				GCC_PREPROCESSOR_DEFINITIONS = (
					"DEBUG=1",
					"$(inherited)",
				);
				GCC_WARN_64_TO_32_BIT_CONVERSION = YES;
				GCC_WARN_ABOUT_RETURN_TYPE = YES_ERROR;
				GCC_WARN_UNDECLARED_SELECTOR = YES;
				GCC_WARN_UNINITIALIZED_AUTOS = YES_AGGRESSIVE;
				GCC_WARN_UNUSED_FUNCTION = YES;
				GCC_WARN_UNUSED_VARIABLE = YES;
				IPHONEOS_DEPLOYMENT_TARGET = 15.2;
				MTL_ENABLE_DEBUG_INFO = INCLUDE_SOURCE;
				MTL_FAST_MATH = YES;
				ONLY_ACTIVE_ARCH = YES;
				SDKROOT = iphoneos;
				SWIFT_ACTIVE_COMPILATION_CONDITIONS = DEBUG;
				SWIFT_OPTIMIZATION_LEVEL = "-Onone";
			};
			name = Debug;
		};
		4B5B7CF027E9291B009CF38D /* Release */ = {
			isa = XCBuildConfiguration;
			buildSettings = {
				ALWAYS_SEARCH_USER_PATHS = NO;
				CLANG_ANALYZER_NONNULL = YES;
				CLANG_ANALYZER_NUMBER_OBJECT_CONVERSION = YES_AGGRESSIVE;
				CLANG_CXX_LANGUAGE_STANDARD = "gnu++17";
				CLANG_CXX_LIBRARY = "libc++";
				CLANG_ENABLE_MODULES = YES;
				CLANG_ENABLE_OBJC_ARC = YES;
				CLANG_ENABLE_OBJC_WEAK = YES;
				CLANG_WARN_BLOCK_CAPTURE_AUTORELEASING = YES;
				CLANG_WARN_BOOL_CONVERSION = YES;
				CLANG_WARN_COMMA = YES;
				CLANG_WARN_CONSTANT_CONVERSION = YES;
				CLANG_WARN_DEPRECATED_OBJC_IMPLEMENTATIONS = YES;
				CLANG_WARN_DIRECT_OBJC_ISA_USAGE = YES_ERROR;
				CLANG_WARN_DOCUMENTATION_COMMENTS = YES;
				CLANG_WARN_EMPTY_BODY = YES;
				CLANG_WARN_ENUM_CONVERSION = YES;
				CLANG_WARN_INFINITE_RECURSION = YES;
				CLANG_WARN_INT_CONVERSION = YES;
				CLANG_WARN_NON_LITERAL_NULL_CONVERSION = YES;
				CLANG_WARN_OBJC_IMPLICIT_RETAIN_SELF = YES;
				CLANG_WARN_OBJC_LITERAL_CONVERSION = YES;
				CLANG_WARN_OBJC_ROOT_CLASS = YES_ERROR;
				CLANG_WARN_QUOTED_INCLUDE_IN_FRAMEWORK_HEADER = YES;
				CLANG_WARN_RANGE_LOOP_ANALYSIS = YES;
				CLANG_WARN_STRICT_PROTOTYPES = YES;
				CLANG_WARN_SUSPICIOUS_MOVE = YES;
				CLANG_WARN_UNGUARDED_AVAILABILITY = YES_AGGRESSIVE;
				CLANG_WARN_UNREACHABLE_CODE = YES;
				CLANG_WARN__DUPLICATE_METHOD_MATCH = YES;
				COPY_PHASE_STRIP = NO;
				DEBUG_INFORMATION_FORMAT = "dwarf-with-dsym";
				ENABLE_NS_ASSERTIONS = NO;
				ENABLE_STRICT_OBJC_MSGSEND = YES;
				GCC_C_LANGUAGE_STANDARD = gnu11;
				GCC_NO_COMMON_BLOCKS = YES;
				GCC_WARN_64_TO_32_BIT_CONVERSION = YES;
				GCC_WARN_ABOUT_RETURN_TYPE = YES_ERROR;
				GCC_WARN_UNDECLARED_SELECTOR = YES;
				GCC_WARN_UNINITIALIZED_AUTOS = YES_AGGRESSIVE;
				GCC_WARN_UNUSED_FUNCTION = YES;
				GCC_WARN_UNUSED_VARIABLE = YES;
				IPHONEOS_DEPLOYMENT_TARGET = 15.2;
				MTL_ENABLE_DEBUG_INFO = NO;
				MTL_FAST_MATH = YES;
				SDKROOT = iphoneos;
				SWIFT_COMPILATION_MODE = wholemodule;
				SWIFT_OPTIMIZATION_LEVEL = "-O";
				VALIDATE_PRODUCT = YES;
			};
			name = Release;
		};
		4B5B7CF227E9291B009CF38D /* Debug */ = {
			isa = XCBuildConfiguration;
			buildSettings = {
				ASSETCATALOG_COMPILER_APPICON_NAME = AppIcon;
				ASSETCATALOG_COMPILER_GLOBAL_ACCENT_COLOR_NAME = AccentColor;
				CODE_SIGN_STYLE = Automatic;
				CURRENT_PROJECT_VERSION = 1;
				DEVELOPMENT_TEAM = 7JU93RU6J9;
				GENERATE_INFOPLIST_FILE = YES;
				INFOPLIST_FILE = Mentors/Info.plist;
				INFOPLIST_KEY_UIApplicationSupportsIndirectInputEvents = YES;
				INFOPLIST_KEY_UILaunchStoryboardName = LaunchScreen;
				INFOPLIST_KEY_UIMainStoryboardFile = Main;
				INFOPLIST_KEY_UISupportedInterfaceOrientations_iPad = "UIInterfaceOrientationPortrait UIInterfaceOrientationPortraitUpsideDown UIInterfaceOrientationLandscapeLeft UIInterfaceOrientationLandscapeRight";
				INFOPLIST_KEY_UISupportedInterfaceOrientations_iPhone = "UIInterfaceOrientationPortrait UIInterfaceOrientationLandscapeLeft UIInterfaceOrientationLandscapeRight";
				LD_RUNPATH_SEARCH_PATHS = (
					"$(inherited)",
					"@executable_path/Frameworks",
				);
				MARKETING_VERSION = 1.0;
				PRODUCT_BUNDLE_IDENTIFIER = com.FelipeVidal.Mentors;
				PRODUCT_NAME = "$(TARGET_NAME)";
				SWIFT_EMIT_LOC_STRINGS = YES;
				SWIFT_VERSION = 5.0;
				TARGETED_DEVICE_FAMILY = "1,2";
			};
			name = Debug;
		};
		4B5B7CF327E9291B009CF38D /* Release */ = {
			isa = XCBuildConfiguration;
			buildSettings = {
				ASSETCATALOG_COMPILER_APPICON_NAME = AppIcon;
				ASSETCATALOG_COMPILER_GLOBAL_ACCENT_COLOR_NAME = AccentColor;
				CODE_SIGN_STYLE = Automatic;
				CURRENT_PROJECT_VERSION = 1;
				DEVELOPMENT_TEAM = 7JU93RU6J9;
				GENERATE_INFOPLIST_FILE = YES;
				INFOPLIST_FILE = Mentors/Info.plist;
				INFOPLIST_KEY_UIApplicationSupportsIndirectInputEvents = YES;
				INFOPLIST_KEY_UILaunchStoryboardName = LaunchScreen;
				INFOPLIST_KEY_UIMainStoryboardFile = Main;
				INFOPLIST_KEY_UISupportedInterfaceOrientations_iPad = "UIInterfaceOrientationPortrait UIInterfaceOrientationPortraitUpsideDown UIInterfaceOrientationLandscapeLeft UIInterfaceOrientationLandscapeRight";
				INFOPLIST_KEY_UISupportedInterfaceOrientations_iPhone = "UIInterfaceOrientationPortrait UIInterfaceOrientationLandscapeLeft UIInterfaceOrientationLandscapeRight";
				LD_RUNPATH_SEARCH_PATHS = (
					"$(inherited)",
					"@executable_path/Frameworks",
				);
				MARKETING_VERSION = 1.0;
				PRODUCT_BUNDLE_IDENTIFIER = com.FelipeVidal.Mentors;
				PRODUCT_NAME = "$(TARGET_NAME)";
				SWIFT_EMIT_LOC_STRINGS = YES;
				SWIFT_VERSION = 5.0;
				TARGETED_DEVICE_FAMILY = "1,2";
			};
			name = Release;
		};
		4B5B7CF527E9291B009CF38D /* Debug */ = {
			isa = XCBuildConfiguration;
			buildSettings = {
				ALWAYS_EMBED_SWIFT_STANDARD_LIBRARIES = YES;
				BUNDLE_LOADER = "$(TEST_HOST)";
				CODE_SIGN_STYLE = Automatic;
				CURRENT_PROJECT_VERSION = 1;
				DEVELOPMENT_TEAM = 7JU93RU6J9;
				GENERATE_INFOPLIST_FILE = YES;
				IPHONEOS_DEPLOYMENT_TARGET = 15.2;
				MARKETING_VERSION = 1.0;
				PRODUCT_BUNDLE_IDENTIFIER = com.FelipeVidal.MentorsTests;
				PRODUCT_NAME = "$(TARGET_NAME)";
				SWIFT_EMIT_LOC_STRINGS = NO;
				SWIFT_VERSION = 5.0;
				TARGETED_DEVICE_FAMILY = "1,2";
				TEST_HOST = "$(BUILT_PRODUCTS_DIR)/Mentors.app/Mentors";
			};
			name = Debug;
		};
		4B5B7CF627E9291B009CF38D /* Release */ = {
			isa = XCBuildConfiguration;
			buildSettings = {
				ALWAYS_EMBED_SWIFT_STANDARD_LIBRARIES = YES;
				BUNDLE_LOADER = "$(TEST_HOST)";
				CODE_SIGN_STYLE = Automatic;
				CURRENT_PROJECT_VERSION = 1;
				DEVELOPMENT_TEAM = 7JU93RU6J9;
				GENERATE_INFOPLIST_FILE = YES;
				IPHONEOS_DEPLOYMENT_TARGET = 15.2;
				MARKETING_VERSION = 1.0;
				PRODUCT_BUNDLE_IDENTIFIER = com.FelipeVidal.MentorsTests;
				PRODUCT_NAME = "$(TARGET_NAME)";
				SWIFT_EMIT_LOC_STRINGS = NO;
				SWIFT_VERSION = 5.0;
				TARGETED_DEVICE_FAMILY = "1,2";
				TEST_HOST = "$(BUILT_PRODUCTS_DIR)/Mentors.app/Mentors";
			};
			name = Release;
		};
		4B5B7CF827E9291B009CF38D /* Debug */ = {
			isa = XCBuildConfiguration;
			buildSettings = {
				ALWAYS_EMBED_SWIFT_STANDARD_LIBRARIES = YES;
				CODE_SIGN_STYLE = Automatic;
				CURRENT_PROJECT_VERSION = 1;
				DEVELOPMENT_TEAM = 7JU93RU6J9;
				GENERATE_INFOPLIST_FILE = YES;
				MARKETING_VERSION = 1.0;
				PRODUCT_BUNDLE_IDENTIFIER = com.FelipeVidal.MentorsUITests;
				PRODUCT_NAME = "$(TARGET_NAME)";
				SWIFT_EMIT_LOC_STRINGS = NO;
				SWIFT_VERSION = 5.0;
				TARGETED_DEVICE_FAMILY = "1,2";
				TEST_TARGET_NAME = Mentors;
			};
			name = Debug;
		};
		4B5B7CF927E9291B009CF38D /* Release */ = {
			isa = XCBuildConfiguration;
			buildSettings = {
				ALWAYS_EMBED_SWIFT_STANDARD_LIBRARIES = YES;
				CODE_SIGN_STYLE = Automatic;
				CURRENT_PROJECT_VERSION = 1;
				DEVELOPMENT_TEAM = 7JU93RU6J9;
				GENERATE_INFOPLIST_FILE = YES;
				MARKETING_VERSION = 1.0;
				PRODUCT_BUNDLE_IDENTIFIER = com.FelipeVidal.MentorsUITests;
				PRODUCT_NAME = "$(TARGET_NAME)";
				SWIFT_EMIT_LOC_STRINGS = NO;
				SWIFT_VERSION = 5.0;
				TARGETED_DEVICE_FAMILY = "1,2";
				TEST_TARGET_NAME = Mentors;
			};
			name = Release;
		};
/* End XCBuildConfiguration section */

/* Begin XCConfigurationList section */
		4B5B7CC227E92917009CF38D /* Build configuration list for PBXProject "Mentors" */ = {
			isa = XCConfigurationList;
			buildConfigurations = (
				4B5B7CEF27E9291B009CF38D /* Debug */,
				4B5B7CF027E9291B009CF38D /* Release */,
			);
			defaultConfigurationIsVisible = 0;
			defaultConfigurationName = Release;
		};
		4B5B7CF127E9291B009CF38D /* Build configuration list for PBXNativeTarget "Mentors" */ = {
			isa = XCConfigurationList;
			buildConfigurations = (
				4B5B7CF227E9291B009CF38D /* Debug */,
				4B5B7CF327E9291B009CF38D /* Release */,
			);
			defaultConfigurationIsVisible = 0;
			defaultConfigurationName = Release;
		};
		4B5B7CF427E9291B009CF38D /* Build configuration list for PBXNativeTarget "MentorsTests" */ = {
			isa = XCConfigurationList;
			buildConfigurations = (
				4B5B7CF527E9291B009CF38D /* Debug */,
				4B5B7CF627E9291B009CF38D /* Release */,
			);
			defaultConfigurationIsVisible = 0;
			defaultConfigurationName = Release;
		};
		4B5B7CF727E9291B009CF38D /* Build configuration list for PBXNativeTarget "MentorsUITests" */ = {
			isa = XCConfigurationList;
			buildConfigurations = (
				4B5B7CF827E9291B009CF38D /* Debug */,
				4B5B7CF927E9291B009CF38D /* Release */,
			);
			defaultConfigurationIsVisible = 0;
			defaultConfigurationName = Release;
		};
/* End XCConfigurationList section */
	};
	rootObject = 4B5B7CBF27E92917009CF38D /* Project object */;
}
